
Microsoft Visual Studio Solution File, Format Version 12.00
# Visual Studio Version 17
VisualStudioVersion = 17.0.31903.59
MinimumVisualStudioVersion = 10.0.40219.1
Project("{2150E333-8FDC-42A3-9474-1A3956D46DE8}") = "Solution Items", "Solution Items", "{8EC462FD-D22E-90A8-E5CE-7E832BA40C5D}"
	ProjectSection(SolutionItems) = preProject
		.editorconfig = .editorconfig
		.gitignore = .gitignore
		Directory.Build.props = Directory.Build.props
		Directory.Packages.props = Directory.Packages.props
		global.json = global.json
		LICENSE.txt = LICENSE.txt
		README.md = README.md
	EndProjectSection
EndProject
Project("{2150E333-8FDC-42A3-9474-1A3956D46DE8}") = "src", "src", "{02EA681E-C7D8-13C7-8484-4AC65E1B71E8}"
EndProject
Project("{2150E333-8FDC-42A3-9474-1A3956D46DE8}") = "tests", "tests", "{43E9F111-8C53-4EA5-8D51-51F9BD5CA48E}"
EndProject
Project("{FAE04EC0-301F-11D3-BF4B-00C04F79EFBC}") = "Web.Api", "src\Web.Api\Web.Api.csproj", "{0265F705-9438-49AB-BC9A-039519430AE1}"
EndProject
Project("{FAE04EC0-301F-11D3-BF4B-00C04F79EFBC}") = "SharedKernel", "src\SharedKernel\SharedKernel.csproj", "{7181F3F5-CE7A-4237-894D-739112DEA37F}"
EndProject
Project("{FAE04EC0-301F-11D3-BF4B-00C04F79EFBC}") = "SharedKernel.Tests", "tests\SharedKernel.Tests\SharedKernel.Tests.csproj", "{C7C6D08E-56C5-475C-AFF7-9E2465F19B75}"
EndProject
Global
	GlobalSection(SolutionConfigurationPlatforms) = preSolution
		Debug|Any CPU = Debug|Any CPU
		Release|Any CPU = Release|Any CPU
	EndGlobalSection
	GlobalSection(ProjectConfigurationPlatforms) = postSolution
		{0265F705-9438-49AB-BC9A-039519430AE1}.Debug|Any CPU.ActiveCfg = Debug|Any CPU
		{0265F705-9438-49AB-BC9A-039519430AE1}.Debug|Any CPU.Build.0 = Debug|Any CPU
		{0265F705-9438-49AB-BC9A-039519430AE1}.Release|Any CPU.ActiveCfg = Release|Any CPU
		{0265F705-9438-49AB-BC9A-039519430AE1}.Release|Any CPU.Build.0 = Release|Any CPU
		{7181F3F5-CE7A-4237-894D-739112DEA37F}.Debug|Any CPU.ActiveCfg = Debug|Any CPU
		{7181F3F5-CE7A-4237-894D-739112DEA37F}.Debug|Any CPU.Build.0 = Debug|Any CPU
		{7181F3F5-CE7A-4237-894D-739112DEA37F}.Release|Any CPU.ActiveCfg = Release|Any CPU
		{7181F3F5-CE7A-4237-894D-739112DEA37F}.Release|Any CPU.Build.0 = Release|Any CPU
		{C7C6D08E-56C5-475C-AFF7-9E2465F19B75}.Debug|Any CPU.ActiveCfg = Debug|Any CPU
		{C7C6D08E-56C5-475C-AFF7-9E2465F19B75}.Debug|Any CPU.Build.0 = Debug|Any CPU
		{C7C6D08E-56C5-475C-AFF7-9E2465F19B75}.Release|Any CPU.ActiveCfg = Release|Any CPU
		{C7C6D08E-56C5-475C-AFF7-9E2465F19B75}.Release|Any CPU.Build.0 = Release|Any CPU
	EndGlobalSection
	GlobalSection(SolutionProperties) = preSolution
		HideSolutionNode = FALSE
	EndGlobalSection
	GlobalSection(NestedProjects) = preSolution
		{0265F705-9438-49AB-BC9A-039519430AE1} = {02EA681E-C7D8-13C7-8484-4AC65E1B71E8}
		{7181F3F5-CE7A-4237-894D-739112DEA37F} = {02EA681E-C7D8-13C7-8484-4AC65E1B71E8}
		{C7C6D08E-56C5-475C-AFF7-9E2465F19B75} = {43E9F111-8C53-4EA5-8D51-51F9BD5CA48E}
	EndGlobalSection
	GlobalSection(ExtensibilityGlobals) = postSolution
		SolutionGuid = {56DB0FE3-514E-4E85-9387-289E66DFE5E9}
	EndGlobalSection
EndGlobal
